<?xml version="1.0" encoding="utf-8"?>
<Project ToolsVersion="4.0" xmlns="http://schemas.microsoft.com/developer/msbuild/2003">
  <ItemGroup>
    <Filter Include="Source Files">
      <UniqueIdentifier>{84c44495-4a82-4952-8168-b3f3ec06fd9e}</UniqueIdentifier>
      <Extensions>cpp;c;cxx;rc;def;r;odl;idl;hpj;bat</Extensions>
    </Filter>
    <Filter Include="Header Files">
      <UniqueIdentifier>{39c13906-d7ad-4be3-9eb0-fff298f61f24}</UniqueIdentifier>
      <Extensions>h;hpp;hxx;hm;inl</Extensions>
    </Filter>
  </ItemGroup>
  <ItemGroup>
    <ClCompile Include="ManualData.cpp">
      <Filter>Source Files</Filter>
    </ClCompile>
    <ClCompile Include="nestmgr.cpp">
      <Filter>Source Files</Filter>
    </ClCompile>
    <ClCompile Include="NestProcess.cpp">
      <Filter>Source Files</Filter>
    </ClCompile>
    <ClCompile Include="NestRepo.cpp">
      <Filter>Source Files</Filter>
    </ClCompile>
    <ClCompile Include="PanelNestMgr.cpp">
      <Filter>Source Files</Filter>
    </ClCompile>
    <ClCompile Include="Remnant.cpp">
      <Filter>Source Files</Filter>
    </ClCompile>
    <ClCompile Include="StdAfx.cpp">
      <Filter>Source Files</Filter>
    </ClCompile>
  </ItemGroup>
  <ItemGroup>
    <ResourceCompile Include="NestProcess.rc">
      <Filter>Source Files</Filter>
    </ResourceCompile>
  </ItemGroup>
  <ItemGroup>
    <ClInclude Include="ManualData.h">
      <Filter>Header Files</Filter>
    </ClInclude>
    <ClInclude Include="nestmgr.h">
      <Filter>Header Files</Filter>
    </ClInclude>
    <ClInclude Include="NestProcess.h">
      <Filter>Header Files</Filter>
    </ClInclude>
    <ClInclude Include="PanelNestMgr.h">
      <Filter>Header Files</Filter>
    </ClInclude>
    <ClInclude Include="resource.h">
      <Filter>Header Files</Filter>
    </ClInclude>
  </ItemGroup>
  <ItemGroup>
    <CustomBuild Include="NestProcess.def">
      <Filter>Source Files</Filter>
    </CustomBuild>
  </ItemGroup>
</Project>