<?xml version="1.0" encoding="utf-8"?>
<Project ToolsVersion="4.0" xmlns="http://schemas.microsoft.com/developer/msbuild/2003">
  <ItemGroup>
    <Filter Include="Source Files">
      <UniqueIdentifier>{ff6bbfcf-19a5-4d69-bcd1-ce95473ac2fc}</UniqueIdentifier>
      <Extensions>cpp;c;cxx;rc;def;r;odl;idl;hpj;bat</Extensions>
    </Filter>
    <Filter Include="Header Files">
      <UniqueIdentifier>{638fcbef-c18c-4482-8792-5d5e088f41de}</UniqueIdentifier>
      <Extensions>h;hpp;hxx;hm;inl</Extensions>
    </Filter>
    <Filter Include="Parser files">
      <UniqueIdentifier>{ca9e11b1-391a-4f96-a3e3-37b2ee8f2b88}</UniqueIdentifier>
      <Extensions>*.l;*.y;*.bat</Extensions>
    </Filter>
    <Filter Include="Resource Files">
      <UniqueIdentifier>{077ceff4-501a-410c-b745-dc6a515172b6}</UniqueIdentifier>
      <Extensions>ico;cur;bmp;dlg;rc2;rct;bin;rgs;gif;jpg;jpeg;jpe</Extensions>
    </Filter>
  </ItemGroup>
  <ItemGroup>
    <ClCompile Include="CmdLexer.cpp">
      <Filter>Source Files</Filter>
    </ClCompile>
    <ClCompile Include="CmdParser.cpp">
      <Filter>Source Files</Filter>
    </ClCompile>
    <ClCompile Include="CmdPkg.cpp">
      <Filter>Source Files</Filter>
    </ClCompile>
    <ClCompile Include="CmdProcess.cpp">
      <Filter>Source Files</Filter>
    </ClCompile>
    <ClCompile Include="Command.cpp">
      <Filter>Source Files</Filter>
    </ClCompile>
    <ClCompile Include="RouteList.cpp">
      <Filter>Source Files</Filter>
    </ClCompile>
    <ClCompile Include="StdAfx.cpp">
      <Filter>Source Files</Filter>
    </ClCompile>
  </ItemGroup>
  <ItemGroup>
    <ResourceCompile Include="CmdPkg.rc">
      <Filter>Source Files</Filter>
    </ResourceCompile>
  </ItemGroup>
  <ItemGroup>
    <ClInclude Include="CmdParser.cpp.h">
      <Filter>Header Files</Filter>
    </ClInclude>
    <ClInclude Include="CmdPkg.h">
      <Filter>Header Files</Filter>
    </ClInclude>
    <ClInclude Include="CmdProcess.h">
      <Filter>Header Files</Filter>
    </ClInclude>
    <ClInclude Include="command.h">
      <Filter>Header Files</Filter>
    </ClInclude>
    <ClInclude Include="Resource.h">
      <Filter>Header Files</Filter>
    </ClInclude>
    <ClInclude Include="RouteList.h">
      <Filter>Header Files</Filter>
    </ClInclude>
  </ItemGroup>
  <ItemGroup>
    <Text Include="ReadMe.txt" />
  </ItemGroup>
  <ItemGroup>
    <CustomBuild Include="CmdPkg.def">
      <Filter>Source Files</Filter>
    </CustomBuild>
    <CustomBuild Include="CmdLexer.l">
      <Filter>Parser files</Filter>
    </CustomBuild>
    <CustomBuild Include="CmdLexer.sed">
      <Filter>Parser files</Filter>
    </CustomBuild>
    <CustomBuild Include="CmdParser.sed">
      <Filter>Parser files</Filter>
    </CustomBuild>
    <CustomBuild Include="CmdParser.y">
      <Filter>Parser files</Filter>
    </CustomBuild>
    <CustomBuild Include="lexit.bat">
      <Filter>Parser files</Filter>
    </CustomBuild>
    <CustomBuild Include="yaccit.bat">
      <Filter>Parser files</Filter>
    </CustomBuild>
  </ItemGroup>
</Project>