<?xml version="1.0" encoding="utf-8"?>
<Project ToolsVersion="4.0" xmlns="http://schemas.microsoft.com/developer/msbuild/2003">
  <ItemGroup>
    <Filter Include="Source Files">
      <UniqueIdentifier>{bf5e7faa-115e-4cd1-8de3-8547191627b0}</UniqueIdentifier>
      <Extensions>cpp;c;cxx;rc;def;r;odl;idl;hpj;bat</Extensions>
    </Filter>
    <Filter Include="Header Files">
      <UniqueIdentifier>{eb430d6b-fa3d-4c04-b4c7-84d3b84602c5}</UniqueIdentifier>
      <Extensions>h;hpp;hxx;hm;inl</Extensions>
    </Filter>
    <Filter Include="Resource Files">
      <UniqueIdentifier>{65d27663-8475-4629-84ea-db495775ab91}</UniqueIdentifier>
      <Extensions>ico;cur;bmp;dlg;rc2;rct;bin;rgs;gif;jpg;jpeg;jpe</Extensions>
    </Filter>
  </ItemGroup>
  <ItemGroup>
    <ClCompile Include="AutoIndex.cpp">
      <Filter>Source Files</Filter>
    </ClCompile>
    <ClCompile Include="AutoIndexRules.cpp">
      <Filter>Source Files</Filter>
    </ClCompile>
    <ClCompile Include="ChArc.cpp">
      <Filter>Source Files</Filter>
    </ClCompile>
    <ClCompile Include="ChArcListIterator.cpp">
      <Filter>Source Files</Filter>
    </ClCompile>
    <ClCompile Include="ChPart.cpp">
      <Filter>Source Files</Filter>
    </ClCompile>
    <ClCompile Include="ChTool.cpp">
      <Filter>Source Files</Filter>
    </ClCompile>
    <ClCompile Include="ConvexHull.cpp">
      <Filter>Source Files</Filter>
    </ClCompile>
    <ClCompile Include="PathFinder.cpp">
      <Filter>Source Files</Filter>
    </ClCompile>
    <ClCompile Include="Raster.cpp">
      <Filter>Source Files</Filter>
    </ClCompile>
    <ClCompile Include="Spiral.cpp">
      <Filter>Source Files</Filter>
    </ClCompile>
    <ClCompile Include="SpiralGraphNode.cpp">
      <Filter>Source Files</Filter>
    </ClCompile>
    <ClCompile Include="StdAfx.cpp">
      <Filter>Source Files</Filter>
    </ClCompile>
    <ClCompile Include="Toolpath.cpp">
      <Filter>Source Files</Filter>
    </ClCompile>
    <ClCompile Include="Worm.cpp">
      <Filter>Source Files</Filter>
    </ClCompile>
  </ItemGroup>
  <ItemGroup>
    <ResourceCompile Include="Toolpath.rc">
      <Filter>Source Files</Filter>
    </ResourceCompile>
  </ItemGroup>
  <ItemGroup>
    <ClInclude Include="AutoIndex.h">
      <Filter>Header Files</Filter>
    </ClInclude>
    <ClInclude Include="AutoIndexRules.h">
      <Filter>Header Files</Filter>
    </ClInclude>
    <ClInclude Include="ChArc.h">
      <Filter>Header Files</Filter>
    </ClInclude>
    <ClInclude Include="ChArcListIterator.h">
      <Filter>Header Files</Filter>
    </ClInclude>
    <ClInclude Include="ChPart.h">
      <Filter>Header Files</Filter>
    </ClInclude>
    <ClInclude Include="ChTool.h">
      <Filter>Header Files</Filter>
    </ClInclude>
    <ClInclude Include="ConvexHull.h">
      <Filter>Header Files</Filter>
    </ClInclude>
    <ClInclude Include="PathFinder.h">
      <Filter>Header Files</Filter>
    </ClInclude>
    <ClInclude Include="Raster.h">
      <Filter>Header Files</Filter>
    </ClInclude>
    <ClInclude Include="Resource.h">
      <Filter>Header Files</Filter>
    </ClInclude>
    <ClInclude Include="Spiral.h">
      <Filter>Header Files</Filter>
    </ClInclude>
    <ClInclude Include="SpiralGraphNode.h">
      <Filter>Header Files</Filter>
    </ClInclude>
    <ClInclude Include="Toolpath.h">
      <Filter>Header Files</Filter>
    </ClInclude>
    <ClInclude Include="Worm.h">
      <Filter>Header Files</Filter>
    </ClInclude>
  </ItemGroup>
  <ItemGroup>
    <Text Include="ReadMe.txt" />
  </ItemGroup>
</Project>