<?xml version="1.0" encoding="utf-8"?>
<Project ToolsVersion="4.0" xmlns="http://schemas.microsoft.com/developer/msbuild/2003">
  <ItemGroup>
    <Filter Include="Source Files">
      <UniqueIdentifier>{e2c8a944-6ceb-4a15-bc3f-8a8818491edd}</UniqueIdentifier>
      <Extensions>cpp;c;cxx;rc;def;r;odl;idl;hpj;bat</Extensions>
    </Filter>
    <Filter Include="Header Files">
      <UniqueIdentifier>{dcffc667-ec42-4bc6-a3b8-ddf36592eeac}</UniqueIdentifier>
      <Extensions>h;hpp;hxx;hm;inl</Extensions>
    </Filter>
    <Filter Include="Resource Files">
      <UniqueIdentifier>{f69c3fc4-ab99-4139-9f61-417cedb53d75}</UniqueIdentifier>
      <Extensions>ico;cur;bmp;dlg;rc2;rct;bin;rgs;gif;jpg;jpeg;jpe</Extensions>
    </Filter>
  </ItemGroup>
  <ItemGroup>
    <ClCompile Include="MaxMsgDlg.cpp">
      <Filter>Source Files</Filter>
    </ClCompile>
    <ClCompile Include="MsgListBox.cpp">
      <Filter>Source Files</Filter>
    </ClCompile>
    <ClCompile Include="RcvrApp.cpp">
      <Filter>Source Files</Filter>
    </ClCompile>
    <ClCompile Include="RcvrAppDlg.cpp">
      <Filter>Source Files</Filter>
    </ClCompile>
    <ClCompile Include="RecvDlg.cpp">
      <Filter>Source Files</Filter>
    </ClCompile>
    <ClCompile Include="StdAfx.cpp">
      <Filter>Source Files</Filter>
    </ClCompile>
  </ItemGroup>
  <ItemGroup>
    <ResourceCompile Include="RcvrApp.rc">
      <Filter>Source Files</Filter>
    </ResourceCompile>
  </ItemGroup>
  <ItemGroup>
    <ClInclude Include="MaxMsgDlg.h">
      <Filter>Header Files</Filter>
    </ClInclude>
    <ClInclude Include="MsgListBox.h">
      <Filter>Header Files</Filter>
    </ClInclude>
    <ClInclude Include="RcvrApp.h">
      <Filter>Header Files</Filter>
    </ClInclude>
    <ClInclude Include="RcvrAppDlg.h">
      <Filter>Header Files</Filter>
    </ClInclude>
    <ClInclude Include="RecvDlg.h">
      <Filter>Header Files</Filter>
    </ClInclude>
    <ClInclude Include="resource.h">
      <Filter>Header Files</Filter>
    </ClInclude>
  </ItemGroup>
  <ItemGroup>
    <Image Include="res\RcvrApp.ico">
      <Filter>Resource Files</Filter>
    </Image>
  </ItemGroup>
</Project>