<?xml version="1.0" encoding="utf-8"?>
<Project ToolsVersion="4.0" xmlns="http://schemas.microsoft.com/developer/msbuild/2003">
  <ItemGroup>
    <Filter Include="Source Files">
      <UniqueIdentifier>{63f50ae1-3401-4db5-9f09-8b6e27fb22f7}</UniqueIdentifier>
      <Extensions>cpp;c;cxx;rc;def;r;odl;idl;hpj;bat</Extensions>
    </Filter>
    <Filter Include="Header Files">
      <UniqueIdentifier>{33fb1aba-a492-49dd-b900-c326d14c8cda}</UniqueIdentifier>
      <Extensions>h;hpp;hxx;hm;inl</Extensions>
    </Filter>
    <Filter Include="Parser files">
      <UniqueIdentifier>{f2913024-2c29-4985-8b97-24f1867a1a33}</UniqueIdentifier>
      <Extensions>*.l;*.y</Extensions>
    </Filter>
  </ItemGroup>
  <ItemGroup>
    <ClCompile Include="ExpLexer.cpp">
      <Filter>Source Files</Filter>
    </ClCompile>
    <ClCompile Include="ExpParser.cpp">
      <Filter>Source Files</Filter>
    </ClCompile>
    <ClCompile Include="Intersect.cpp">
      <Filter>Source Files</Filter>
    </ClCompile>
    <ClCompile Include="SolveProcess.cpp">
      <Filter>Source Files</Filter>
    </ClCompile>
    <ClCompile Include="SolveProcess2.cpp">
      <Filter>Source Files</Filter>
    </ClCompile>
    <ClCompile Include="SolveProcess3.cpp">
      <Filter>Source Files</Filter>
    </ClCompile>
    <ClCompile Include="StdAfx.cpp">
      <Filter>Source Files</Filter>
    </ClCompile>
    <ClCompile Include="TrimExtDlg.cpp">
      <Filter>Source Files</Filter>
    </ClCompile>
  </ItemGroup>
  <ItemGroup>
    <ResourceCompile Include="SolveProcess.rc">
      <Filter>Source Files</Filter>
    </ResourceCompile>
  </ItemGroup>
  <ItemGroup>
    <ClInclude Include="ExpParser.cpp.h">
      <Filter>Header Files</Filter>
    </ClInclude>
    <ClInclude Include="IntsctRec.h">
      <Filter>Header Files</Filter>
    </ClInclude>
    <ClInclude Include="resource.h">
      <Filter>Header Files</Filter>
    </ClInclude>
    <ClInclude Include="SolveProcess.h">
      <Filter>Header Files</Filter>
    </ClInclude>
    <ClInclude Include="TrimExtDlg.h">
      <Filter>Header Files</Filter>
    </ClInclude>
  </ItemGroup>
  <ItemGroup>
    <CustomBuild Include="SolveProcess.def">
      <Filter>Source Files</Filter>
    </CustomBuild>
    <CustomBuild Include="ExpLexer.l">
      <Filter>Parser files</Filter>
    </CustomBuild>
    <CustomBuild Include="ExpLexer.sed">
      <Filter>Parser files</Filter>
    </CustomBuild>
    <CustomBuild Include="ExpParser.sed">
      <Filter>Parser files</Filter>
    </CustomBuild>
    <CustomBuild Include="ExpParser.y">
      <Filter>Parser files</Filter>
    </CustomBuild>
    <CustomBuild Include="lexit.bat">
      <Filter>Parser files</Filter>
    </CustomBuild>
    <CustomBuild Include="yaccit.bat">
      <Filter>Parser files</Filter>
    </CustomBuild>
  </ItemGroup>
</Project>