<?xml version="1.0" encoding="utf-8"?>
<Project ToolsVersion="4.0" xmlns="http://schemas.microsoft.com/developer/msbuild/2003">
  <ItemGroup>
    <Filter Include="Source Files">
      <UniqueIdentifier>{d6cb1e04-3871-49e7-85cf-a6a832bf1f20}</UniqueIdentifier>
      <Extensions>cpp;c;cxx;rc;def;r;odl;idl;hpj;bat</Extensions>
    </Filter>
    <Filter Include="Header Files">
      <UniqueIdentifier>{84812dbf-7870-4b8c-8a73-213f8d55d590}</UniqueIdentifier>
      <Extensions>h;hpp;hxx;hm;inl</Extensions>
    </Filter>
    <Filter Include="Resource Files">
      <UniqueIdentifier>{40cc0c82-e090-43d3-8262-cc2e9fcac797}</UniqueIdentifier>
      <Extensions>ico;cur;bmp;dlg;rc2;rct;bin;rgs;gif;jpg;jpeg;jpe</Extensions>
    </Filter>
  </ItemGroup>
  <ItemGroup>
    <ClCompile Include="Gouge.cpp">
      <Filter>Source Files</Filter>
    </ClCompile>
    <ClCompile Include="StdAfx.cpp">
      <Filter>Source Files</Filter>
    </ClCompile>
    <ClCompile Include="WmChain.cpp">
      <Filter>Source Files</Filter>
    </ClCompile>
    <ClCompile Include="WmChainAssigner.cpp">
      <Filter>Source Files</Filter>
    </ClCompile>
    <ClCompile Include="WmChainDegouger.cpp">
      <Filter>Source Files</Filter>
    </ClCompile>
    <ClCompile Include="WmChainIntsctor.cpp">
      <Filter>Source Files</Filter>
    </ClCompile>
    <ClCompile Include="WmChainIterator.cpp">
      <Filter>Source Files</Filter>
    </ClCompile>
    <ClCompile Include="WmChainResolver.cpp">
      <Filter>Source Files</Filter>
    </ClCompile>
    <ClCompile Include="WmChainSplitter.cpp">
      <Filter>Source Files</Filter>
    </ClCompile>
    <ClCompile Include="WmCrvRec.cpp">
      <Filter>Source Files</Filter>
    </ClCompile>
    <ClCompile Include="WmCrvRecExtData.cpp">
      <Filter>Source Files</Filter>
    </ClCompile>
    <ClCompile Include="WmElem.cpp">
      <Filter>Source Files</Filter>
    </ClCompile>
    <ClCompile Include="WmIntRec.cpp">
      <Filter>Source Files</Filter>
    </ClCompile>
    <ClCompile Include="WmNode.cpp">
      <Filter>Source Files</Filter>
    </ClCompile>
    <ClCompile Include="WmSubchn.cpp">
      <Filter>Source Files</Filter>
    </ClCompile>
  </ItemGroup>
  <ItemGroup>
    <ResourceCompile Include="Gouge.rc">
      <Filter>Source Files</Filter>
    </ResourceCompile>
  </ItemGroup>
  <ItemGroup>
    <ClInclude Include="Gouge.h">
      <Filter>Header Files</Filter>
    </ClInclude>
    <ClInclude Include="Resource.h">
      <Filter>Header Files</Filter>
    </ClInclude>
    <ClInclude Include="WmChain.h">
      <Filter>Header Files</Filter>
    </ClInclude>
    <ClInclude Include="WmChainAssigner.h">
      <Filter>Header Files</Filter>
    </ClInclude>
    <ClInclude Include="WmChainDegouger.h">
      <Filter>Header Files</Filter>
    </ClInclude>
    <ClInclude Include="WmChainIntsctor.h">
      <Filter>Header Files</Filter>
    </ClInclude>
    <ClInclude Include="WmChainIterator.h">
      <Filter>Header Files</Filter>
    </ClInclude>
    <ClInclude Include="WmChainResolver.h">
      <Filter>Header Files</Filter>
    </ClInclude>
    <ClInclude Include="WmChainSplitter.h">
      <Filter>Header Files</Filter>
    </ClInclude>
    <ClInclude Include="WmConst.h">
      <Filter>Header Files</Filter>
    </ClInclude>
    <ClInclude Include="WmCrvRec.h">
      <Filter>Header Files</Filter>
    </ClInclude>
    <ClInclude Include="WmCrvRecExtData.h">
      <Filter>Header Files</Filter>
    </ClInclude>
    <ClInclude Include="WmElem.h">
      <Filter>Header Files</Filter>
    </ClInclude>
    <ClInclude Include="WmIntRec.h">
      <Filter>Header Files</Filter>
    </ClInclude>
    <ClInclude Include="WmNode.h">
      <Filter>Header Files</Filter>
    </ClInclude>
    <ClInclude Include="WmSubchn.h">
      <Filter>Header Files</Filter>
    </ClInclude>
  </ItemGroup>
  <ItemGroup>
    <Text Include="ReadMe.txt" />
  </ItemGroup>
  <ItemGroup>
    <CustomBuild Include="Gouge.def">
      <Filter>Source Files</Filter>
    </CustomBuild>
  </ItemGroup>
</Project>