<?xml version="1.0" encoding="utf-8"?>
<Project ToolsVersion="4.0" xmlns="http://schemas.microsoft.com/developer/msbuild/2003">
  <ItemGroup>
    <Filter Include="Source Files">
      <UniqueIdentifier>{65256ef8-940c-4fd9-afab-a956c46f645c}</UniqueIdentifier>
      <Extensions>cpp;c;cxx;rc;def;r;odl;idl;hpj;bat</Extensions>
    </Filter>
    <Filter Include="Header Files">
      <UniqueIdentifier>{05def44a-282c-4f24-9083-b6f38ce5d215}</UniqueIdentifier>
      <Extensions>h;hpp;hxx;hm;inl</Extensions>
    </Filter>
    <Filter Include="Resource Files">
      <UniqueIdentifier>{9d02e7e0-70e1-4e15-9365-453cc3784957}</UniqueIdentifier>
      <Extensions>ico;cur;bmp;dlg;rc2;rct;bin;rgs;gif;jpg;jpeg;jpe</Extensions>
    </Filter>
  </ItemGroup>
  <ItemGroup>
    <ClCompile Include="binary_file.cpp">
      <Filter>Source Files</Filter>
    </ClCompile>
    <ClCompile Include="BinIter.cpp">
      <Filter>Source Files</Filter>
    </ClCompile>
    <ClCompile Include="BitstreamFile.cpp">
      <Filter>Source Files</Filter>
    </ClCompile>
    <ClCompile Include="Ci_System_ErrSys.cpp">
      <Filter>Source Files</Filter>
    </ClCompile>
    <ClCompile Include="Ci_System_Msg.cpp">
      <Filter>Source Files</Filter>
    </ClCompile>
    <ClCompile Include="Ci_System_OutSys.cpp">
      <Filter>Source Files</Filter>
    </ClCompile>
    <ClCompile Include="Common.cpp">
      <Filter>Source Files</Filter>
    </ClCompile>
    <ClCompile Include="DaoAttrib.cpp">
      <Filter>Source Files</Filter>
    </ClCompile>
    <ClCompile Include="daodb.cpp">
      <Filter>Source Files</Filter>
    </ClCompile>
    <ClCompile Include="daoquery.cpp">
      <Filter>Source Files</Filter>
    </ClCompile>
    <ClCompile Include="ErrSys.cpp">
      <Filter>Source Files</Filter>
    </ClCompile>
    <ClCompile Include="FileSnoop.cpp">
      <Filter>Source Files</Filter>
    </ClCompile>
    <ClCompile Include="IpcSender.cpp">
      <Filter>Source Files</Filter>
    </ClCompile>
    <ClCompile Include="JFileMgr.cpp">
      <Filter>Source Files</Filter>
    </ClCompile>
    <ClCompile Include="mm2Variant.cpp">
      <Filter>Source Files</Filter>
    </ClCompile>
    <ClCompile Include="msg.cpp">
      <Filter>Source Files</Filter>
    </ClCompile>
    <ClCompile Include="outsys.cpp">
      <Filter>Source Files</Filter>
    </ClCompile>
    <ClCompile Include="Path.cpp">
      <Filter>Source Files</Filter>
    </ClCompile>
    <ClCompile Include="Profiler.cpp">
      <Filter>Source Files</Filter>
    </ClCompile>
    <ClCompile Include="ProgressWnd.cpp">
      <Filter>Source Files</Filter>
    </ClCompile>
    <ClCompile Include="register.cpp">
      <Filter>Source Files</Filter>
    </ClCompile>
    <ClCompile Include="Return.cpp">
      <Filter>Source Files</Filter>
    </ClCompile>
    <ClCompile Include="StdAfx.cpp">
      <Filter>Source Files</Filter>
    </ClCompile>
    <ClCompile Include="StringConst.cpp">
      <Filter>Source Files</Filter>
    </ClCompile>
    <ClCompile Include="text_file.cpp">
      <Filter>Source Files</Filter>
    </ClCompile>
    <ClCompile Include="token.cpp">
      <Filter>Source Files</Filter>
    </ClCompile>
    <ClCompile Include="Var.cpp">
      <Filter>Source Files</Filter>
    </ClCompile>
    <ClCompile Include="VarInt.cpp">
      <Filter>Source Files</Filter>
    </ClCompile>
    <ClCompile Include="varlist.cpp">
      <Filter>Source Files</Filter>
    </ClCompile>
    <ClCompile Include="VarReal.cpp">
      <Filter>Source Files</Filter>
    </ClCompile>
    <ClCompile Include="VarString.cpp">
      <Filter>Source Files</Filter>
    </ClCompile>
    <ClCompile Include="Weng_System_ErrSys.cpp">
      <Filter>Source Files</Filter>
    </ClCompile>
    <ClCompile Include="Weng_System_Msg.cpp">
      <Filter>Source Files</Filter>
    </ClCompile>
    <ClCompile Include="Weng_System_OutSys.cpp">
      <Filter>Source Files</Filter>
    </ClCompile>
    <ClCompile Include="ewmmsg.cpp">
      <Filter>Source Files</Filter>
    </ClCompile>
  </ItemGroup>
  <ItemGroup>
    <ResourceCompile Include="Common.rc">
      <Filter>Source Files</Filter>
    </ResourceCompile>
  </ItemGroup>
  <ItemGroup>
    <ClInclude Include="ActionConst.h">
      <Filter>Header Files</Filter>
    </ClInclude>
    <ClInclude Include="AppConst.h">
      <Filter>Header Files</Filter>
    </ClInclude>
    <ClInclude Include="binary_file.h">
      <Filter>Header Files</Filter>
    </ClInclude>
    <ClInclude Include="BinIter.h">
      <Filter>Header Files</Filter>
    </ClInclude>
    <ClInclude Include="BitstreamFile.h">
      <Filter>Header Files</Filter>
    </ClInclude>
    <ClInclude Include="Ci_System_ErrSys.h">
      <Filter>Header Files</Filter>
    </ClInclude>
    <ClInclude Include="Ci_System_Msg.h">
      <Filter>Header Files</Filter>
    </ClInclude>
    <ClInclude Include="Ci_System_OutSys.h">
      <Filter>Header Files</Filter>
    </ClInclude>
    <ClInclude Include="cmn_resource.h">
      <Filter>Header Files</Filter>
    </ClInclude>
    <ClInclude Include="ColorConst.h">
      <Filter>Header Files</Filter>
    </ClInclude>
    <ClInclude Include="Common.h">
      <Filter>Header Files</Filter>
    </ClInclude>
    <ClInclude Include="CommonFlags.h">
      <Filter>Header Files</Filter>
    </ClInclude>
    <ClInclude Include="constant.h">
      <Filter>Header Files</Filter>
    </ClInclude>
    <ClInclude Include="DaoAttrib.h">
      <Filter>Header Files</Filter>
    </ClInclude>
    <ClInclude Include="daodb.h">
      <Filter>Header Files</Filter>
    </ClInclude>
    <ClInclude Include="daoquery.h">
      <Filter>Header Files</Filter>
    </ClInclude>
    <ClInclude Include="Dnode.h">
      <Filter>Header Files</Filter>
    </ClInclude>
    <ClInclude Include="DynamicArray.h">
      <Filter>Header Files</Filter>
    </ClInclude>
    <ClInclude Include="ErrSys.h">
      <Filter>Header Files</Filter>
    </ClInclude>
    <ClInclude Include="FileSnoop.h">
      <Filter>Header Files</Filter>
    </ClInclude>
    <ClInclude Include="IndxList.h">
      <Filter>Header Files</Filter>
    </ClInclude>
    <ClInclude Include="IpcSender.h">
      <Filter>Header Files</Filter>
    </ClInclude>
    <ClInclude Include="JFileMgr.h">
      <Filter>Header Files</Filter>
    </ClInclude>
    <ClInclude Include="MathConst.h">
      <Filter>Header Files</Filter>
    </ClInclude>
    <ClInclude Include="mm2Variant.h">
      <Filter>Header Files</Filter>
    </ClInclude>
    <ClInclude Include="msg.h">
      <Filter>Header Files</Filter>
    </ClInclude>
    <ClInclude Include="OutputHandler.h">
      <Filter>Header Files</Filter>
    </ClInclude>
    <ClInclude Include="outsys.h">
      <Filter>Header Files</Filter>
    </ClInclude>
    <ClInclude Include="Path.h">
      <Filter>Header Files</Filter>
    </ClInclude>
    <ClInclude Include="Profiler.h">
      <Filter>Header Files</Filter>
    </ClInclude>
    <ClInclude Include="ProgressWnd.h">
      <Filter>Header Files</Filter>
    </ClInclude>
    <ClInclude Include="Register.h">
      <Filter>Header Files</Filter>
    </ClInclude>
    <ClInclude Include="resource.h">
      <Filter>Header Files</Filter>
    </ClInclude>
    <ClInclude Include="Return.h">
      <Filter>Header Files</Filter>
    </ClInclude>
    <ClInclude Include="stdafx.h">
      <Filter>Header Files</Filter>
    </ClInclude>
    <ClInclude Include="StrgList.h">
      <Filter>Header Files</Filter>
    </ClInclude>
    <ClInclude Include="StringConst.h">
      <Filter>Header Files</Filter>
    </ClInclude>
    <ClInclude Include="text_file.h">
      <Filter>Header Files</Filter>
    </ClInclude>
    <ClInclude Include="token.h">
      <Filter>Header Files</Filter>
    </ClInclude>
    <ClInclude Include="ToolConst.h">
      <Filter>Header Files</Filter>
    </ClInclude>
    <ClInclude Include="Type.h">
      <Filter>Header Files</Filter>
    </ClInclude>
    <ClInclude Include="var.h">
      <Filter>Header Files</Filter>
    </ClInclude>
    <ClInclude Include="VarInt.h">
      <Filter>Header Files</Filter>
    </ClInclude>
    <ClInclude Include="varlist.h">
      <Filter>Header Files</Filter>
    </ClInclude>
    <ClInclude Include="VarReal.h">
      <Filter>Header Files</Filter>
    </ClInclude>
    <ClInclude Include="VarString.h">
      <Filter>Header Files</Filter>
    </ClInclude>
    <ClInclude Include="Weng_System_ErrSys.h">
      <Filter>Header Files</Filter>
    </ClInclude>
    <ClInclude Include="Weng_System_Msg.h">
      <Filter>Header Files</Filter>
    </ClInclude>
    <ClInclude Include="Weng_System_OutSys.h">
      <Filter>Header Files</Filter>
    </ClInclude>
    <ClInclude Include="ewmconst.h">
      <Filter>Header Files</Filter>
    </ClInclude>
    <ClInclude Include="ewmmsg.h">
      <Filter>Header Files</Filter>
    </ClInclude>
  </ItemGroup>
  <ItemGroup>
    <Text Include="ReadMe.txt" />
  </ItemGroup>
</Project>