<?xml version="1.0" encoding="utf-8"?>
<Project ToolsVersion="4.0" xmlns="http://schemas.microsoft.com/developer/msbuild/2003">
  <ItemGroup>
    <Filter Include="Source Files">
      <UniqueIdentifier>{d2200e8d-3270-4387-b8b8-9d9cd07549c6}</UniqueIdentifier>
      <Extensions>cpp;c;cxx;rc;def;r;odl;idl;hpj;bat</Extensions>
    </Filter>
    <Filter Include="Header Files">
      <UniqueIdentifier>{3fbc8c81-3c16-474e-8ecb-3897d6db8fe9}</UniqueIdentifier>
      <Extensions>h;hpp;hxx;hm;inl</Extensions>
    </Filter>
    <Filter Include="Resource Files">
      <UniqueIdentifier>{52fd2ade-2062-4d77-9dbe-eb2c772bbc08}</UniqueIdentifier>
      <Extensions>ico;cur;bmp;dlg;rc2;rct;bin;rgs;gif;jpg;jpeg;jpe</Extensions>
    </Filter>
  </ItemGroup>
  <ItemGroup>
    <ClCompile Include="2dBox.cpp">
      <Filter>Source Files</Filter>
    </ClCompile>
    <ClCompile Include="3dBox.cpp">
      <Filter>Source Files</Filter>
    </ClCompile>
    <ClCompile Include="aStar.cpp">
      <Filter>Source Files</Filter>
    </ClCompile>
    <ClCompile Include="aState.cpp">
      <Filter>Source Files</Filter>
    </ClCompile>
    <ClCompile Include="BSplineBasis.cpp">
      <Filter>Source Files</Filter>
    </ClCompile>
    <ClCompile Include="Geo.cpp">
      <Filter>Source Files</Filter>
    </ClCompile>
    <ClCompile Include="GeoArc.cpp">
      <Filter>Source Files</Filter>
    </ClCompile>
    <ClCompile Include="GeoCurve.cpp">
      <Filter>Source Files</Filter>
    </ClCompile>
    <ClCompile Include="GeoElem.cpp">
      <Filter>Source Files</Filter>
    </ClCompile>
    <ClCompile Include="GeoLine.cpp">
      <Filter>Source Files</Filter>
    </ClCompile>
    <ClCompile Include="GeoPoint.cpp">
      <Filter>Source Files</Filter>
    </ClCompile>
    <ClCompile Include="GeoPoly.cpp">
      <Filter>Source Files</Filter>
    </ClCompile>
    <ClCompile Include="GeoReducer.cpp">
      <Filter>Source Files</Filter>
    </ClCompile>
    <ClCompile Include="hull.cpp">
      <Filter>Source Files</Filter>
    </ClCompile>
    <ClCompile Include="Int2d.cpp">
      <Filter>Source Files</Filter>
    </ClCompile>
    <ClCompile Include="Nurb.cpp">
      <Filter>Source Files</Filter>
    </ClCompile>
    <ClCompile Include="PolyEdge.cpp">
      <Filter>Source Files</Filter>
    </ClCompile>
    <ClCompile Include="PolySegment.cpp">
      <Filter>Source Files</Filter>
    </ClCompile>
    <ClCompile Include="Profile.cpp">
      <Filter>Source Files</Filter>
    </ClCompile>
    <ClCompile Include="QuickHull.cxx">
      <Filter>Source Files</Filter>
    </ClCompile>
    <ClCompile Include="shape.cpp">
      <Filter>Source Files</Filter>
    </ClCompile>
    <ClCompile Include="ShapeDecomposer.cpp">
      <Filter>Source Files</Filter>
    </ClCompile>
    <ClCompile Include="ShapeMatcher.cpp">
      <Filter>Source Files</Filter>
    </ClCompile>
    <ClCompile Include="Solution.cpp">
      <Filter>Source Files</Filter>
    </ClCompile>
    <ClCompile Include="Solution2.cpp">
      <Filter>Source Files</Filter>
    </ClCompile>
    <ClCompile Include="Solution3.cpp">
      <Filter>Source Files</Filter>
    </ClCompile>
    <ClCompile Include="StdAfx.cpp">
      <Filter>Source Files</Filter>
    </ClCompile>
    <ClCompile Include="ToolShape.cpp">
      <Filter>Source Files</Filter>
    </ClCompile>
    <ClCompile Include="ToolShapeExtruder.cpp">
      <Filter>Source Files</Filter>
    </ClCompile>
  </ItemGroup>
  <ItemGroup>
    <ResourceCompile Include="Geo.rc">
      <Filter>Source Files</Filter>
    </ResourceCompile>
  </ItemGroup>
  <ItemGroup>
    <ClInclude Include="2dBox.h">
      <Filter>Header Files</Filter>
    </ClInclude>
    <ClInclude Include="3dBox.h">
      <Filter>Header Files</Filter>
    </ClInclude>
    <ClInclude Include="aStar.h">
      <Filter>Header Files</Filter>
    </ClInclude>
    <ClInclude Include="aState.h">
      <Filter>Header Files</Filter>
    </ClInclude>
    <ClInclude Include="BSplineBasis.h">
      <Filter>Header Files</Filter>
    </ClInclude>
    <ClInclude Include="Geo.h">
      <Filter>Header Files</Filter>
    </ClInclude>
    <ClInclude Include="GeoArc.h">
      <Filter>Header Files</Filter>
    </ClInclude>
    <ClInclude Include="GeoCurve.h">
      <Filter>Header Files</Filter>
    </ClInclude>
    <ClInclude Include="GeoElem.h">
      <Filter>Header Files</Filter>
    </ClInclude>
    <ClInclude Include="GeoElemList.h">
      <Filter>Header Files</Filter>
    </ClInclude>
    <ClInclude Include="GeoLine.h">
      <Filter>Header Files</Filter>
    </ClInclude>
    <ClInclude Include="GeoPoint.h">
      <Filter>Header Files</Filter>
    </ClInclude>
    <ClInclude Include="GeoPoly.h">
      <Filter>Header Files</Filter>
    </ClInclude>
    <ClInclude Include="GeoReducer.h">
      <Filter>Header Files</Filter>
    </ClInclude>
    <ClInclude Include="hull.h">
      <Filter>Header Files</Filter>
    </ClInclude>
    <ClInclude Include="Int2d.h">
      <Filter>Header Files</Filter>
    </ClInclude>
    <ClInclude Include="Nurb.h">
      <Filter>Header Files</Filter>
    </ClInclude>
    <ClInclude Include="PolyEdge.h">
      <Filter>Header Files</Filter>
    </ClInclude>
    <ClInclude Include="PolySegment.h">
      <Filter>Header Files</Filter>
    </ClInclude>
    <ClInclude Include="Profile.h">
      <Filter>Header Files</Filter>
    </ClInclude>
    <ClInclude Include="QuickHull.h">
      <Filter>Header Files</Filter>
    </ClInclude>
    <ClInclude Include="Resource.h">
      <Filter>Header Files</Filter>
    </ClInclude>
    <ClInclude Include="shape.h">
      <Filter>Header Files</Filter>
    </ClInclude>
    <ClInclude Include="ShapeDecomposer.h">
      <Filter>Header Files</Filter>
    </ClInclude>
    <ClInclude Include="ShapeMatcher.h">
      <Filter>Header Files</Filter>
    </ClInclude>
    <ClInclude Include="Solution.h">
      <Filter>Header Files</Filter>
    </ClInclude>
    <ClInclude Include="ToolShape.h">
      <Filter>Header Files</Filter>
    </ClInclude>
    <ClInclude Include="ToolShapeExtruder.h">
      <Filter>Header Files</Filter>
    </ClInclude>
  </ItemGroup>
  <ItemGroup>
    <Text Include="ReadMe.txt" />
  </ItemGroup>
</Project>