<?xml version="1.0" encoding="utf-8"?>
<Project ToolsVersion="4.0" xmlns="http://schemas.microsoft.com/developer/msbuild/2003">
  <ItemGroup>
    <Filter Include="Source Files">
      <UniqueIdentifier>{9fabb40e-c0d3-4e3b-b34a-c18a71e11cab}</UniqueIdentifier>
      <Extensions>cpp;c;cxx;rc;def;r;odl;idl;hpj;bat</Extensions>
    </Filter>
    <Filter Include="Header Files">
      <UniqueIdentifier>{a09f14ae-ff2a-4e51-9403-4cd8c32d7bec}</UniqueIdentifier>
      <Extensions>h;hpp;hxx;hm;inl</Extensions>
    </Filter>
    <Filter Include="Resource Files">
      <UniqueIdentifier>{d648f207-2f65-4a10-8a60-fe0ff18c1f0d}</UniqueIdentifier>
      <Extensions>ico;cur;bmp;dlg;rc2;rct;bin;rgs;gif;jpg;jpeg;jpe</Extensions>
    </Filter>
  </ItemGroup>
  <ItemGroup>
    <ClCompile Include="cpcreate.cpp">
      <Filter>Source Files</Filter>
    </ClCompile>
    <ClCompile Include="CPFeature.cpp">
      <Filter>Source Files</Filter>
    </ClCompile>
    <ClCompile Include="CPFont.cpp">
      <Filter>Source Files</Filter>
    </ClCompile>
    <ClCompile Include="CPLead.cpp">
      <Filter>Source Files</Filter>
    </ClCompile>
    <ClCompile Include="CPPartOutline.cpp">
      <Filter>Source Files</Filter>
    </ClCompile>
    <ClCompile Include="CPPattern.cpp">
      <Filter>Source Files</Filter>
    </ClCompile>
    <ClCompile Include="CPProfile.cpp">
      <Filter>Source Files</Filter>
    </ClCompile>
    <ClCompile Include="CPToolpath.cpp">
      <Filter>Source Files</Filter>
    </ClCompile>
    <ClCompile Include="CPZone.cpp">
      <Filter>Source Files</Filter>
    </ClCompile>
    <ClCompile Include="CreateProcess.cpp">
      <Filter>Source Files</Filter>
    </ClCompile>
    <ClCompile Include="Ephemeral.cpp">
      <Filter>Source Files</Filter>
    </ClCompile>
    <ClCompile Include="geometry.cpp">
      <Filter>Source Files</Filter>
    </ClCompile>
    <ClCompile Include="StdAfx.cpp">
      <Filter>Source Files</Filter>
    </ClCompile>
    <ClCompile Include="Transform.cpp">
      <Filter>Source Files</Filter>
    </ClCompile>
    <ClCompile Include="weGeoArc.cpp">
      <Filter>Source Files</Filter>
    </ClCompile>
    <ClCompile Include="weGeoCurve.cpp">
      <Filter>Source Files</Filter>
    </ClCompile>
    <ClCompile Include="weGeoHole.cpp">
      <Filter>Source Files</Filter>
    </ClCompile>
    <ClCompile Include="weGeoLine.cpp">
      <Filter>Source Files</Filter>
    </ClCompile>
  </ItemGroup>
  <ItemGroup>
    <ResourceCompile Include="CreateProcess.rc">
      <Filter>Source Files</Filter>
    </ResourceCompile>
  </ItemGroup>
  <ItemGroup>
    <ClInclude Include="CreateProcess.h">
      <Filter>Header Files</Filter>
    </ClInclude>
    <ClInclude Include="Resource.h">
      <Filter>Header Files</Filter>
    </ClInclude>
  </ItemGroup>
  <ItemGroup>
    <Text Include="ReadMe.txt" />
  </ItemGroup>
  <ItemGroup>
    <CustomBuild Include="CreateProcess.def">
      <Filter>Source Files</Filter>
    </CustomBuild>
    <CustomBuild Include="res\CreateProcess.rc2">
      <Filter>Resource Files</Filter>
    </CustomBuild>
  </ItemGroup>
</Project>