<?xml version="1.0" encoding="utf-8"?>
<Project ToolsVersion="4.0" xmlns="http://schemas.microsoft.com/developer/msbuild/2003">
  <ItemGroup>
    <Filter Include="Source Files">
      <UniqueIdentifier>{00da00fb-f14a-4a24-9d1e-a7af74176499}</UniqueIdentifier>
      <Extensions>cpp;c;cxx;rc;def;r;odl;idl;hpj;bat</Extensions>
    </Filter>
    <Filter Include="Header Files">
      <UniqueIdentifier>{a7eb1029-ee5e-4041-bd1e-ca16759ee57c}</UniqueIdentifier>
      <Extensions>h;hpp;hxx;hm;inl</Extensions>
    </Filter>
    <Filter Include="Resource Files">
      <UniqueIdentifier>{b79fadd7-ad8a-4ca8-a169-02963467d27c}</UniqueIdentifier>
      <Extensions>ico;cur;bmp;dlg;rc2;rct;bin;rgs;gif;jpg;jpeg;jpe</Extensions>
    </Filter>
  </ItemGroup>
  <ItemGroup>
    <ClCompile Include="dxf.cpp">
      <Filter>Source Files</Filter>
    </ClCompile>
    <ClCompile Include="dxf_read.cpp">
      <Filter>Source Files</Filter>
    </ClCompile>
    <ClCompile Include="extascii.cpp">
      <Filter>Source Files</Filter>
    </ClCompile>
    <ClCompile Include="FileProcess.cpp">
      <Filter>Source Files</Filter>
    </ClCompile>
    <ClCompile Include="MacroDump.cpp">
      <Filter>Source Files</Filter>
    </ClCompile>
    <ClCompile Include="StdAfx.cpp">
      <Filter>Source Files</Filter>
    </ClCompile>
  </ItemGroup>
  <ItemGroup>
    <ResourceCompile Include="FileProcess.rc">
      <Filter>Source Files</Filter>
    </ResourceCompile>
  </ItemGroup>
  <ItemGroup>
    <ClInclude Include="dxf.h">
      <Filter>Header Files</Filter>
    </ClInclude>
    <ClInclude Include="ExtAscii.h">
      <Filter>Header Files</Filter>
    </ClInclude>
    <ClInclude Include="FileProcess.h">
      <Filter>Header Files</Filter>
    </ClInclude>
    <ClInclude Include="Resource.h">
      <Filter>Header Files</Filter>
    </ClInclude>
  </ItemGroup>
  <ItemGroup>
    <CustomBuild Include="FileProcess.def">
      <Filter>Source Files</Filter>
    </CustomBuild>
    <CustomBuild Include="res\FileProcess.rc2">
      <Filter>Resource Files</Filter>
    </CustomBuild>
  </ItemGroup>
</Project>