<?xml version="1.0" encoding="utf-8"?>
<Project ToolsVersion="4.0" xmlns="http://schemas.microsoft.com/developer/msbuild/2003">
  <ItemGroup>
    <Filter Include="Source Files">
      <UniqueIdentifier>{7abbce5a-afb5-40ce-90f0-b27fccd910ec}</UniqueIdentifier>
      <Extensions>cpp;c;cxx;rc;def;r;odl;idl;hpj;bat</Extensions>
    </Filter>
    <Filter Include="Header Files">
      <UniqueIdentifier>{543ca45d-d1c3-4ddd-a0da-e8aea5e3cf5f}</UniqueIdentifier>
      <Extensions>h;hpp;hxx;hm;inl</Extensions>
    </Filter>
    <Filter Include="Resource Files">
      <UniqueIdentifier>{e5f9b166-b309-42dd-b3a2-93ff8fb34d3f}</UniqueIdentifier>
      <Extensions>ico;cur;bmp;dlg;rc2;rct;bin;rgs;gif;jpg;jpeg;jpe</Extensions>
    </Filter>
  </ItemGroup>
  <ItemGroup>
    <ClCompile Include="DB.cpp">
      <Filter>Source Files</Filter>
    </ClCompile>
    <ClCompile Include="dbarc.cpp">
      <Filter>Source Files</Filter>
    </ClCompile>
    <ClCompile Include="DbCommand.cpp">
      <Filter>Source Files</Filter>
    </ClCompile>
    <ClCompile Include="DbContainer.cpp">
      <Filter>Source Files</Filter>
    </ClCompile>
    <ClCompile Include="dbcurve.cpp">
      <Filter>Source Files</Filter>
    </ClCompile>
    <ClCompile Include="dbentity.cpp">
      <Filter>Source Files</Filter>
    </ClCompile>
    <ClCompile Include="DbEntityVisitor.cpp">
      <Filter>Source Files</Filter>
    </ClCompile>
    <ClCompile Include="DbFeature.cpp">
      <Filter>Source Files</Filter>
    </ClCompile>
    <ClCompile Include="dbhole.cpp">
      <Filter>Source Files</Filter>
    </ClCompile>
    <ClCompile Include="DbIterator.cpp">
      <Filter>Source Files</Filter>
    </ClCompile>
    <ClCompile Include="dblayer.cpp">
      <Filter>Source Files</Filter>
    </ClCompile>
    <ClCompile Include="dbline.cpp">
      <Filter>Source Files</Filter>
    </ClCompile>
    <ClCompile Include="DbPattern.cpp">
      <Filter>Source Files</Filter>
    </ClCompile>
    <ClCompile Include="dbpoint.cpp">
      <Filter>Source Files</Filter>
    </ClCompile>
    <ClCompile Include="DbProfile.cpp">
      <Filter>Source Files</Filter>
    </ClCompile>
    <ClCompile Include="DbSeqIterator.cpp">
      <Filter>Source Files</Filter>
    </ClCompile>
    <ClCompile Include="DbSequence.cpp">
      <Filter>Source Files</Filter>
    </ClCompile>
    <ClCompile Include="dbtool.cpp">
      <Filter>Source Files</Filter>
    </ClCompile>
    <ClCompile Include="DbWorkplane.cpp">
      <Filter>Source Files</Filter>
    </ClCompile>
    <ClCompile Include="DisplayEntity.cpp">
      <Filter>Source Files</Filter>
    </ClCompile>
    <ClCompile Include="EntityCopier.cpp">
      <Filter>Source Files</Filter>
    </ClCompile>
    <ClCompile Include="entitydb.cpp">
      <Filter>Source Files</Filter>
    </ClCompile>
    <ClCompile Include="StdAfx.cpp">
      <Filter>Source Files</Filter>
    </ClCompile>
    <ClCompile Include="ToolSetup.cpp">
      <Filter>Source Files</Filter>
    </ClCompile>
    <ClCompile Include="Undo.cpp">
      <Filter>Source Files</Filter>
    </ClCompile>
  </ItemGroup>
  <ItemGroup>
    <ResourceCompile Include="DB.rc">
      <Filter>Source Files</Filter>
    </ResourceCompile>
  </ItemGroup>
  <ItemGroup>
    <ClInclude Include="DB.h">
      <Filter>Header Files</Filter>
    </ClInclude>
    <ClInclude Include="DbAllEntities.h">
      <Filter>Header Files</Filter>
    </ClInclude>
    <ClInclude Include="DbArc.h">
      <Filter>Header Files</Filter>
    </ClInclude>
    <ClInclude Include="DbCommand.h">
      <Filter>Header Files</Filter>
    </ClInclude>
    <ClInclude Include="dbconsts.h">
      <Filter>Header Files</Filter>
    </ClInclude>
    <ClInclude Include="DbContainer.h">
      <Filter>Header Files</Filter>
    </ClInclude>
    <ClInclude Include="DbCurve.h">
      <Filter>Header Files</Filter>
    </ClInclude>
    <ClInclude Include="DbCurveList.h">
      <Filter>Header Files</Filter>
    </ClInclude>
    <ClInclude Include="dbentity.h">
      <Filter>Header Files</Filter>
    </ClInclude>
    <ClInclude Include="DbEntityVisitor.h">
      <Filter>Header Files</Filter>
    </ClInclude>
    <ClInclude Include="DbFeature.h">
      <Filter>Header Files</Filter>
    </ClInclude>
    <ClInclude Include="DbHole.h">
      <Filter>Header Files</Filter>
    </ClInclude>
    <ClInclude Include="DbIterator.h">
      <Filter>Header Files</Filter>
    </ClInclude>
    <ClInclude Include="DbLayer.h">
      <Filter>Header Files</Filter>
    </ClInclude>
    <ClInclude Include="DbLine.h">
      <Filter>Header Files</Filter>
    </ClInclude>
    <ClInclude Include="DbPattern.h">
      <Filter>Header Files</Filter>
    </ClInclude>
    <ClInclude Include="DbPoint.h">
      <Filter>Header Files</Filter>
    </ClInclude>
    <ClInclude Include="DbProfile.h">
      <Filter>Header Files</Filter>
    </ClInclude>
    <ClInclude Include="DbSeqIterator.h">
      <Filter>Header Files</Filter>
    </ClInclude>
    <ClInclude Include="DbSequence.h">
      <Filter>Header Files</Filter>
    </ClInclude>
    <ClInclude Include="DbTool.h">
      <Filter>Header Files</Filter>
    </ClInclude>
    <ClInclude Include="DbWorkplane.h">
      <Filter>Header Files</Filter>
    </ClInclude>
    <ClInclude Include="DisplayEntity.h">
      <Filter>Header Files</Filter>
    </ClInclude>
    <ClInclude Include="EntityCopier.h">
      <Filter>Header Files</Filter>
    </ClInclude>
    <ClInclude Include="entitydb.h">
      <Filter>Header Files</Filter>
    </ClInclude>
    <ClInclude Include="Resource.h">
      <Filter>Header Files</Filter>
    </ClInclude>
    <ClInclude Include="ToolSetup.h">
      <Filter>Header Files</Filter>
    </ClInclude>
    <ClInclude Include="Undo.h">
      <Filter>Header Files</Filter>
    </ClInclude>
  </ItemGroup>
  <ItemGroup>
    <Text Include="ReadMe.txt" />
  </ItemGroup>
</Project>