<?xml version="1.0" encoding="utf-8"?>
<Project ToolsVersion="4.0" xmlns="http://schemas.microsoft.com/developer/msbuild/2003">
  <ItemGroup>
    <Filter Include="Source Files">
      <UniqueIdentifier>{5e888d39-f549-49af-ada9-2dfe9df7e3a6}</UniqueIdentifier>
      <Extensions>cpp;c;cxx;rc;def;r;odl;idl;hpj;bat</Extensions>
    </Filter>
    <Filter Include="Header Files">
      <UniqueIdentifier>{ccc8fe95-8a1d-4e54-872e-2e5edaf39478}</UniqueIdentifier>
      <Extensions>h;hpp;hxx;hm;inl</Extensions>
    </Filter>
    <Filter Include="Resource Files">
      <UniqueIdentifier>{be844b39-0544-4ee3-b652-f9da102d888d}</UniqueIdentifier>
      <Extensions>ico;cur;bmp;dlg;rc2;rct;bin;rgs;gif;jpg;jpeg;jpe</Extensions>
    </Filter>
  </ItemGroup>
  <ItemGroup>
    <ClCompile Include="automod.cpp">
      <Filter>Source Files</Filter>
    </ClCompile>
    <ClCompile Include="AutoPuncher.cpp">
      <Filter>Source Files</Filter>
    </ClCompile>
    <ClCompile Include="autotool.cpp">
      <Filter>Source Files</Filter>
    </ClCompile>
    <ClCompile Include="CadLayer.cpp">
      <Filter>Source Files</Filter>
    </ClCompile>
    <ClCompile Include="DbToolGen.cpp">
      <Filter>Source Files</Filter>
    </ClCompile>
    <ClCompile Include="GeoProfileBuilder.cpp">
      <Filter>Source Files</Filter>
    </ClCompile>
    <ClCompile Include="ImportUtil.cpp">
      <Filter>Source Files</Filter>
    </ClCompile>
    <ClCompile Include="ModelUtil.cpp">
      <Filter>Source Files</Filter>
    </ClCompile>
    <ClCompile Include="Nibbler.cpp">
      <Filter>Source Files</Filter>
    </ClCompile>
    <ClCompile Include="Offsetter.cpp">
      <Filter>Source Files</Filter>
    </ClCompile>
    <ClCompile Include="Policy.cpp">
      <Filter>Source Files</Filter>
    </ClCompile>
    <ClCompile Include="ProfileBuilder.cpp">
      <Filter>Source Files</Filter>
    </ClCompile>
    <ClCompile Include="PunchDecomposer.cpp">
      <Filter>Source Files</Filter>
    </ClCompile>
    <ClCompile Include="PunchMatcher.cpp">
      <Filter>Source Files</Filter>
    </ClCompile>
    <ClCompile Include="StdAfx.cpp">
      <Filter>Source Files</Filter>
    </ClCompile>
  </ItemGroup>
  <ItemGroup>
    <ResourceCompile Include="Policy.rc">
      <Filter>Source Files</Filter>
    </ResourceCompile>
  </ItemGroup>
  <ItemGroup>
    <ClInclude Include="automod.h">
      <Filter>Header Files</Filter>
    </ClInclude>
    <ClInclude Include="AutoPuncher.h">
      <Filter>Header Files</Filter>
    </ClInclude>
    <ClInclude Include="autotool.h">
      <Filter>Header Files</Filter>
    </ClInclude>
    <ClInclude Include="CadEntity.h">
      <Filter>Header Files</Filter>
    </ClInclude>
    <ClInclude Include="CadLayer.h">
      <Filter>Header Files</Filter>
    </ClInclude>
    <ClInclude Include="DbToolGen.h">
      <Filter>Header Files</Filter>
    </ClInclude>
    <ClInclude Include="GeoProfileBuilder.h">
      <Filter>Header Files</Filter>
    </ClInclude>
    <ClInclude Include="ImportUtil.h">
      <Filter>Header Files</Filter>
    </ClInclude>
    <ClInclude Include="ModelUtil.h">
      <Filter>Header Files</Filter>
    </ClInclude>
    <ClInclude Include="Nibbler.h">
      <Filter>Header Files</Filter>
    </ClInclude>
    <ClInclude Include="Offsetter.h">
      <Filter>Header Files</Filter>
    </ClInclude>
    <ClInclude Include="Policy.h">
      <Filter>Header Files</Filter>
    </ClInclude>
    <ClInclude Include="PolicyConst.h">
      <Filter>Header Files</Filter>
    </ClInclude>
    <ClInclude Include="ProfileBuilder.h">
      <Filter>Header Files</Filter>
    </ClInclude>
    <ClInclude Include="PunchDecomposer.h">
      <Filter>Header Files</Filter>
    </ClInclude>
    <ClInclude Include="PunchMatcher.h">
      <Filter>Header Files</Filter>
    </ClInclude>
    <ClInclude Include="Resource.h">
      <Filter>Header Files</Filter>
    </ClInclude>
  </ItemGroup>
  <ItemGroup>
    <Text Include="ReadMe.txt" />
  </ItemGroup>
</Project>