<?xml version="1.0" encoding="utf-8"?>
<Project ToolsVersion="4.0" xmlns="http://schemas.microsoft.com/developer/msbuild/2003">
  <ItemGroup>
    <Filter Include="Source Files">
      <UniqueIdentifier>{abe1a781-ee0d-4952-a397-1c58052d744a}</UniqueIdentifier>
      <Extensions>cpp;c;cxx;rc;def;r;odl;idl;hpj;bat</Extensions>
    </Filter>
    <Filter Include="Header Files">
      <UniqueIdentifier>{19ab1152-0298-4bf5-8e65-f52df4265168}</UniqueIdentifier>
      <Extensions>h;hpp;hxx;hm;inl</Extensions>
    </Filter>
    <Filter Include="Resource Files">
      <UniqueIdentifier>{e8da5b4a-2e70-48d7-97e0-1065652c7f15}</UniqueIdentifier>
      <Extensions>ico;cur;bmp;dlg;rc2;rct;bin;rgs;gif;jpg;jpeg;jpe</Extensions>
    </Filter>
  </ItemGroup>
  <ItemGroup>
    <ClCompile Include="dlgViewOptions.cpp">
      <Filter>Source Files</Filter>
    </ClCompile>
    <ClCompile Include="glCanvas.cpp">
      <Filter>Source Files</Filter>
    </ClCompile>
    <ClCompile Include="oglViewWire.cpp">
      <Filter>Source Files</Filter>
    </ClCompile>
    <ClCompile Include="PrinterSettings.cpp">
      <Filter>Source Files</Filter>
    </ClCompile>
    <ClCompile Include="StdAfx.cpp">
      <Filter>Source Files</Filter>
    </ClCompile>
    <ClCompile Include="viewbase.cpp">
      <Filter>Source Files</Filter>
    </ClCompile>
    <ClCompile Include="viewmgr.cpp">
      <Filter>Source Files</Filter>
    </ClCompile>
    <ClCompile Include="ViewPkg.cpp">
      <Filter>Source Files</Filter>
    </ClCompile>
    <ClCompile Include="ViewStack.cpp">
      <Filter>Source Files</Filter>
    </ClCompile>
    <ClCompile Include="ViewXform.cpp">
      <Filter>Source Files</Filter>
    </ClCompile>
  </ItemGroup>
  <ItemGroup>
    <ResourceCompile Include="ViewPkg.rc">
      <Filter>Source Files</Filter>
    </ResourceCompile>
  </ItemGroup>
  <ItemGroup>
    <ClInclude Include="dlgViewOptions.h">
      <Filter>Header Files</Filter>
    </ClInclude>
    <ClInclude Include="glCanvas.h">
      <Filter>Header Files</Filter>
    </ClInclude>
    <ClInclude Include="oglViewWire.h">
      <Filter>Header Files</Filter>
    </ClInclude>
    <ClInclude Include="PrinterSettings.h">
      <Filter>Header Files</Filter>
    </ClInclude>
    <ClInclude Include="Resource.h">
      <Filter>Header Files</Filter>
    </ClInclude>
    <ClInclude Include="viewbase.h">
      <Filter>Header Files</Filter>
    </ClInclude>
    <ClInclude Include="viewmgr.h">
      <Filter>Header Files</Filter>
    </ClInclude>
    <ClInclude Include="ViewPkg.h">
      <Filter>Header Files</Filter>
    </ClInclude>
    <ClInclude Include="ViewStack.h">
      <Filter>Header Files</Filter>
    </ClInclude>
    <ClInclude Include="ViewXform.h">
      <Filter>Header Files</Filter>
    </ClInclude>
  </ItemGroup>
</Project>