<?xml version="1.0" encoding="utf-8"?>
<Project ToolsVersion="4.0" xmlns="http://schemas.microsoft.com/developer/msbuild/2003">
  <ItemGroup>
    <Filter Include="Source Files">
      <UniqueIdentifier>{d7f5922d-b8a3-4928-80d3-b5dfd67b5f81}</UniqueIdentifier>
      <Extensions>cpp;c;cxx;rc;def;r;odl;idl;hpj;bat</Extensions>
    </Filter>
    <Filter Include="Header Files">
      <UniqueIdentifier>{0edfd74d-465f-4540-878e-b90702aee09e}</UniqueIdentifier>
      <Extensions>h;hpp;hxx;hm;inl</Extensions>
    </Filter>
    <Filter Include="Resource Files">
      <UniqueIdentifier>{1025db85-3784-4cc1-b689-d3d49be123f2}</UniqueIdentifier>
      <Extensions>ico;cur;bmp;dlg;rc2;rct;bin;rgs;gif;jpg;jpeg;jpe</Extensions>
    </Filter>
  </ItemGroup>
  <ItemGroup>
    <ClCompile Include="Ci_CodeGen_Clfile.cpp">
      <Filter>Source Files</Filter>
    </ClCompile>
    <ClCompile Include="CiClfile.cpp">
      <Filter>Source Files</Filter>
    </ClCompile>
    <ClCompile Include="clfile.cpp">
      <Filter>Source Files</Filter>
    </ClCompile>
    <ClCompile Include="ClfileRec.cpp">
      <Filter>Source Files</Filter>
    </ClCompile>
    <ClCompile Include="ClfileState.cpp">
      <Filter>Source Files</Filter>
    </ClCompile>
    <ClCompile Include="CodeGenOH.cpp">
      <Filter>Source Files</Filter>
    </ClCompile>
    <ClCompile Include="CodeGeoRec.cpp">
      <Filter>Source Files</Filter>
    </ClCompile>
    <ClCompile Include="CodeGeoXref.cpp">
      <Filter>Source Files</Filter>
    </ClCompile>
    <ClCompile Include="CodeUtil.cpp">
      <Filter>Source Files</Filter>
    </ClCompile>
    <ClCompile Include="conthier.cpp">
      <Filter>Source Files</Filter>
    </ClCompile>
    <ClCompile Include="ContHierNode.cpp">
      <Filter>Source Files</Filter>
    </ClCompile>
    <ClCompile Include="LabelDbGenerator.cpp">
      <Filter>Source Files</Filter>
    </ClCompile>
    <ClCompile Include="ModelClfile.cpp">
      <Filter>Source Files</Filter>
    </ClCompile>
    <ClCompile Include="ModelClfile2.cpp">
      <Filter>Source Files</Filter>
    </ClCompile>
    <ClCompile Include="Optimizer.cpp">
      <Filter>Source Files</Filter>
    </ClCompile>
    <ClCompile Include="Optimizer2.cpp">
      <Filter>Source Files</Filter>
    </ClCompile>
    <ClCompile Include="PathState.cpp">
      <Filter>Source Files</Filter>
    </ClCompile>
    <ClCompile Include="PrimsTSP2.cpp">
      <Filter>Source Files</Filter>
    </ClCompile>
    <ClCompile Include="SeqRules.cpp">
      <Filter>Source Files</Filter>
    </ClCompile>
    <ClCompile Include="ShortestPath.cpp">
      <Filter>Source Files</Filter>
    </ClCompile>
    <ClCompile Include="SpeedCalc.cpp">
      <Filter>Source Files</Filter>
    </ClCompile>
    <ClCompile Include="StdAfx.cpp">
      <Filter>Source Files</Filter>
    </ClCompile>
    <ClCompile Include="ToolSequencer.cpp">
      <Filter>Source Files</Filter>
    </ClCompile>
    <ClCompile Include="TSP.cpp">
      <Filter>Source Files</Filter>
    </ClCompile>
    <ClCompile Include="Weng_CodeGen_Clfile.cpp">
      <Filter>Source Files</Filter>
    </ClCompile>
    <ClCompile Include="WorkPkg.cpp">
      <Filter>Source Files</Filter>
    </ClCompile>
  </ItemGroup>
  <ItemGroup>
    <ResourceCompile Include="CodeGen.rc">
      <Filter>Source Files</Filter>
    </ResourceCompile>
  </ItemGroup>
  <ItemGroup>
    <ClInclude Include="Ci_CodeGen_Clfile.h">
      <Filter>Header Files</Filter>
    </ClInclude>
    <ClInclude Include="CiClfile.h">
      <Filter>Header Files</Filter>
    </ClInclude>
    <ClInclude Include="City.h">
      <Filter>Header Files</Filter>
    </ClInclude>
    <ClInclude Include="Clfile.h">
      <Filter>Header Files</Filter>
    </ClInclude>
    <ClInclude Include="ClfileConsts.h">
      <Filter>Header Files</Filter>
    </ClInclude>
    <ClInclude Include="ClfileRec.h">
      <Filter>Header Files</Filter>
    </ClInclude>
    <ClInclude Include="ClfileState.h">
      <Filter>Header Files</Filter>
    </ClInclude>
    <ClInclude Include="CodeGen.h">
      <Filter>Header Files</Filter>
    </ClInclude>
    <ClInclude Include="CodeGenOH.h">
      <Filter>Header Files</Filter>
    </ClInclude>
    <ClInclude Include="CodeGeoRec.h">
      <Filter>Header Files</Filter>
    </ClInclude>
    <ClInclude Include="CodeGeoXref.h">
      <Filter>Header Files</Filter>
    </ClInclude>
    <ClInclude Include="CodeUtil.h">
      <Filter>Header Files</Filter>
    </ClInclude>
    <ClInclude Include="ContHier.h">
      <Filter>Header Files</Filter>
    </ClInclude>
    <ClInclude Include="ContHierNode.h">
      <Filter>Header Files</Filter>
    </ClInclude>
    <ClInclude Include="LabelDbGenerator.h">
      <Filter>Header Files</Filter>
    </ClInclude>
    <ClInclude Include="ModelClfile.h">
      <Filter>Header Files</Filter>
    </ClInclude>
    <ClInclude Include="Optimizer.h">
      <Filter>Header Files</Filter>
    </ClInclude>
    <ClInclude Include="PathState.h">
      <Filter>Header Files</Filter>
    </ClInclude>
    <ClInclude Include="PrimsTSP2.h">
      <Filter>Header Files</Filter>
    </ClInclude>
    <ClInclude Include="Resource.h">
      <Filter>Header Files</Filter>
    </ClInclude>
    <ClInclude Include="SeqRules.h">
      <Filter>Header Files</Filter>
    </ClInclude>
    <ClInclude Include="ShortestPath.h">
      <Filter>Header Files</Filter>
    </ClInclude>
    <ClInclude Include="SpeedCalc.h">
      <Filter>Header Files</Filter>
    </ClInclude>
    <ClInclude Include="ToolSequencer.h">
      <Filter>Header Files</Filter>
    </ClInclude>
    <ClInclude Include="TSP.h">
      <Filter>Header Files</Filter>
    </ClInclude>
    <ClInclude Include="Weng_CodeGen_Clfile.h">
      <Filter>Header Files</Filter>
    </ClInclude>
    <ClInclude Include="WorkPkg.h">
      <Filter>Header Files</Filter>
    </ClInclude>
  </ItemGroup>
  <ItemGroup>
    <Text Include="ReadMe.txt" />
  </ItemGroup>
</Project>